{
  "name": "Regex-IT",
  "version": "0.3.2",
  "lockfileVersion": 2,
  "requires": true,
  "packages": {
    "": {
      "name": "Regex-IT",
      "version": "0.3.2",
      "license": "MIT",
      "dependencies": {
        "font-awesome": "^4.4.0",
        "jquery": "^2.1.4",
        "normalize.css": "^3.0.3"
      },
      "devDependencies": {}
    },
    "node_modules/font-awesome": {
      "version": "4.4.0",
      "resolved": "https://registry.npmjs.org/font-awesome/-/font-awesome-4.4.0.tgz",
      "integrity": "sha1-n+Q/gs9ycmuty9snBEB6rayhfak=",
      "engines": {
        "node": ">=0.10.3"
      }
    },
    "node_modules/jquery": {
      "version": "2.1.4",
      "resolved": "https://registry.npmjs.org/jquery/-/jquery-2.1.4.tgz",
      "integrity": "sha1-IoveaYoMYUMdwmMKahVPFYkNIxc="
    },
    "node_modules/normalize.css": {
      "version": "3.0.3",
      "resolved": "https://registry.npmjs.org/normalize.css/-/normalize.css-3.0.3.tgz",
      "integrity": "sha1-rMACYuI1osqpE2Oi5eO/pPitBcY="
    }
  },
  "dependencies": {
    "font-awesome": {
      "version": "4.4.0",
      "resolved": "https://registry.npmjs.org/font-awesome/-/font-awesome-4.4.0.tgz",
      "integrity": "sha1-n+Q/gs9ycmuty9snBEB6rayhfak="
    },
    "jquery": {
      "version": "2.1.4",
      "resolved": "https://registry.npmjs.org/jquery/-/jquery-2.1.4.tgz",
      "integrity": "sha1-IoveaYoMYUMdwmMKahVPFYkNIxc="
    },
    "normalize.css": {
      "version": "3.0.3",
      "resolved": "https://registry.npmjs.org/normalize.css/-/normalize.css-3.0.3.tgz",
      "integrity": "sha1-rMACYuI1osqpE2Oi5eO/pPitBcY="
    }
  }
}
